// !$*UTF8*$!
{
	archiveVersion = 1;
	classes = {
	};
	objectVersion = 60;
	objects = {

/* Begin PBXBuildFile section */
		7E8389972B1FB2F3000EB181 /* whisper in Frameworks */ = {isa = PBXBuildFile; productRef = 7E8389962B1FB2F3000EB181 /* whisper */; };
		7E8389992B1FBBDE000EB181 /* LibWhisper.swift in Sources */ = {isa = PBXBuildFile; fileRef = 7E8389982B1FBBDE000EB181 /* LibWhisper.swift */; };
		7E83899B2B1FBC36000EB181 /* WhisperState.swift in Sources */ = {isa = PBXBuildFile; fileRef = 7E83899A2B1FBC36000EB181 /* WhisperState.swift */; };
		7E83899D2B1FBC47000EB181 /* Recorder.swift in Sources */ = {isa = PBXBuildFile; fileRef = 7E83899C2B1FBC47000EB181 /* Recorder.swift */; };
		7E83899F2B1FBC53000EB181 /* RiffWaveUtils.swift in Sources */ = {isa = PBXBuildFile; fileRef = 7E83899E2B1FBC53000EB181 /* RiffWaveUtils.swift */; };
		7E8389AB2B1FBD9E000EB181 /* ggml-base.en.bin in Resources */ = {isa = PBXBuildFile; fileRef = 7E8389A42B1FBD9E000EB181 /* ggml-base.en.bin */; };
		7E8389AC2B1FBD9E000EB181 /* ggml-base.en-encoder.mlmodelc in Resources */ = {isa = PBXBuildFile; fileRef = 7E8389A52B1FBD9E000EB181 /* ggml-base.en-encoder.mlmodelc */; };
		7E8389AD2B1FBD9E000EB181 /* coreml-encoder-base.en.mlpackage in Sources */ = {isa = PBXBuildFile; fileRef = 7E8389A62B1FBD9E000EB181 /* coreml-encoder-base.en.mlpackage */; };
		7E8389AF2B1FBD9E000EB181 /* .gitignore in Resources */ = {isa = PBXBuildFile; fileRef = 7E8389A92B1FBD9E000EB181 /* .gitignore */; };
		7E8389B02B1FBD9E000EB181 /* jfk.wav in Resources */ = {isa = PBXBuildFile; fileRef = 7E8389AA2B1FBD9E000EB181 /* jfk.wav */; };
		7ED61FE82B1FA9B6005ABEDC /* whisper_saramaApp.swift in Sources */ = {isa = PBXBuildFile; fileRef = 7ED61FE72B1FA9B6005ABEDC /* whisper_saramaApp.swift */; };
		7ED61FEA2B1FA9B6005ABEDC /* ContentView.swift in Sources */ = {isa = PBXBuildFile; fileRef = 7ED61FE92B1FA9B6005ABEDC /* ContentView.swift */; };
		7ED61FEC2B1FA9B8005ABEDC /* Assets.xcassets in Resources */ = {isa = PBXBuildFile; fileRef = 7ED61FEB2B1FA9B8005ABEDC /* Assets.xcassets */; };
		7ED61FEF2B1FA9B8005ABEDC /* Preview Assets.xcassets in Resources */ = {isa = PBXBuildFile; fileRef = 7ED61FEE2B1FA9B8005ABEDC /* Preview Assets.xcassets */; };
		7ED61FF92B1FADF1005ABEDC /* whisper in Frameworks */ = {isa = PBXBuildFile; productRef = 7ED61FF82B1FADF1005ABEDC /* whisper */; };
/* End PBXBuildFile section */

/* Begin PBXFileReference section */
		7E8389982B1FBBDE000EB181 /* LibWhisper.swift */ = {isa = PBXFileReference; lastKnownFileType = sourcecode.swift; path = LibWhisper.swift; sourceTree = "<group>"; };
		7E83899A2B1FBC36000EB181 /* WhisperState.swift */ = {isa = PBXFileReference; lastKnownFileType = sourcecode.swift; path = WhisperState.swift; sourceTree = "<group>"; };
		7E83899C2B1FBC47000EB181 /* Recorder.swift */ = {isa = PBXFileReference; lastKnownFileType = sourcecode.swift; path = Recorder.swift; sourceTree = "<group>"; };
		7E83899E2B1FBC53000EB181 /* RiffWaveUtils.swift */ = {isa = PBXFileReference; lastKnownFileType = sourcecode.swift; path = RiffWaveUtils.swift; sourceTree = "<group>"; };
		7E8389A42B1FBD9E000EB181 /* ggml-base.en.bin */ = {isa = PBXFileReference; lastKnownFileType = archive.macbinary; path = "ggml-base.en.bin"; sourceTree = "<group>"; };
		7E8389A52B1FBD9E000EB181 /* ggml-base.en-encoder.mlmodelc */ = {isa = PBXFileReference; lastKnownFileType = wrapper; path = "ggml-base.en-encoder.mlmodelc"; sourceTree = "<group>"; };
		7E8389A62B1FBD9E000EB181 /* coreml-encoder-base.en.mlpackage */ = {isa = PBXFileReference; lastKnownFileType = folder.mlpackage; path = "coreml-encoder-base.en.mlpackage"; sourceTree = "<group>"; };
		7E8389A92B1FBD9E000EB181 /* .gitignore */ = {isa = PBXFileReference; fileEncoding = 4; lastKnownFileType = text; path = .gitignore; sourceTree = "<group>"; };
		7E8389AA2B1FBD9E000EB181 /* jfk.wav */ = {isa = PBXFileReference; lastKnownFileType = audio.wav; path = jfk.wav; sourceTree = "<group>"; };
		7ED61FE42B1FA9B6005ABEDC /* whisper-sarama.app */ = {isa = PBXFileReference; explicitFileType = wrapper.application; includeInIndex = 0; path = "whisper-sarama.app"; sourceTree = BUILT_PRODUCTS_DIR; };
		7ED61FE72B1FA9B6005ABEDC /* whisper_saramaApp.swift */ = {isa = PBXFileReference; lastKnownFileType = sourcecode.swift; path = whisper_saramaApp.swift; sourceTree = "<group>"; };
		7ED61FE92B1FA9B6005ABEDC /* ContentView.swift */ = {isa = PBXFileReference; lastKnownFileType = sourcecode.swift; path = ContentView.swift; sourceTree = "<group>"; };
		7ED61FEB2B1FA9B8005ABEDC /* Assets.xcassets */ = {isa = PBXFileReference; lastKnownFileType = folder.assetcatalog; path = Assets.xcassets; sourceTree = "<group>"; };
		7ED61FEE2B1FA9B8005ABEDC /* Preview Assets.xcassets */ = {isa = PBXFileReference; lastKnownFileType = folder.assetcatalog; path = "Preview Assets.xcassets"; sourceTree = "<group>"; };
		7ED61FFA2B1FB12F005ABEDC /* whisper */ = {isa = PBXFileReference; lastKnownFileType = wrapper; path = whisper; sourceTree = "<group>"; };
/* End PBXFileReference section */

/* Begin PBXFrameworksBuildPhase section */
		7ED61FE12B1FA9B6005ABEDC /* Frameworks */ = {
			isa = PBXFrameworksBuildPhase;
			buildActionMask = 2147483647;
			files = (
				7ED61FF92B1FADF1005ABEDC /* whisper in Frameworks */,
				7E8389972B1FB2F3000EB181 /* whisper in Frameworks */,
			);
			runOnlyForDeploymentPostprocessing = 0;
		};
/* End PBXFrameworksBuildPhase section */

/* Begin PBXGroup section */
		7E8389A22B1FBD9E000EB181 /* Resources */ = {
			isa = PBXGroup;
			children = (
				7E8389A32B1FBD9E000EB181 /* models */,
				7E8389A82B1FBD9E000EB181 /* samples */,
			);
			path = Resources;
			sourceTree = "<group>";
		};
		7E8389A32B1FBD9E000EB181 /* models */ = {
			isa = PBXGroup;
			children = (
				7E8389A42B1FBD9E000EB181 /* ggml-base.en.bin */,
				7E8389A52B1FBD9E000EB181 /* ggml-base.en-encoder.mlmodelc */,
				7E8389A62B1FBD9E000EB181 /* coreml-encoder-base.en.mlpackage */,
			);
			path = models;
			sourceTree = "<group>";
		};
		7E8389A82B1FBD9E000EB181 /* samples */ = {
			isa = PBXGroup;
			children = (
				7E8389A92B1FBD9E000EB181 /* .gitignore */,
				7E8389AA2B1FBD9E000EB181 /* jfk.wav */,
			);
			path = samples;
			sourceTree = "<group>";
		};
		7ED61FDB2B1FA9B6005ABEDC = {
			isa = PBXGroup;
			children = (
				7ED61FFA2B1FB12F005ABEDC /* whisper */,
				7ED61FE62B1FA9B6005ABEDC /* whisper-sarama */,
				7ED61FE52B1FA9B6005ABEDC /* Products */,
			);
			sourceTree = "<group>";
		};
		7ED61FE52B1FA9B6005ABEDC /* Products */ = {
			isa = PBXGroup;
			children = (
				7ED61FE42B1FA9B6005ABEDC /* whisper-sarama.app */,
			);
			name = Products;
			sourceTree = "<group>";
		};
		7ED61FE62B1FA9B6005ABEDC /* whisper-sarama */ = {
			isa = PBXGroup;
			children = (
				7ED61FE72B1FA9B6005ABEDC /* whisper_saramaApp.swift */,
				7ED61FE92B1FA9B6005ABEDC /* ContentView.swift */,
				7E83899A2B1FBC36000EB181 /* WhisperState.swift */,
				7E83899C2B1FBC47000EB181 /* Recorder.swift */,
				7E83899E2B1FBC53000EB181 /* RiffWaveUtils.swift */,
				7E8389A22B1FBD9E000EB181 /* Resources */,
				7ED61FEB2B1FA9B8005ABEDC /* Assets.xcassets */,
				7ED61FED2B1FA9B8005ABEDC /* Preview Content */,
				7E8389982B1FBBDE000EB181 /* LibWhisper.swift */,
			);
			path = "whisper-sarama";
			sourceTree = "<group>";
		};
		7ED61FED2B1FA9B8005ABEDC /* Preview Content */ = {
			isa = PBXGroup;
			children = (
				7ED61FEE2B1FA9B8005ABEDC /* Preview Assets.xcassets */,
			);
			path = "Preview Content";
			sourceTree = "<group>";
		};
/* End PBXGroup section */

/* Begin PBXNativeTarget section */
		7ED61FE32B1FA9B6005ABEDC /* whisper-sarama */ = {
			isa = PBXNativeTarget;
			buildConfigurationList = 7ED61FF22B1FA9B8005ABEDC /* Build configuration list for PBXNativeTarget "whisper-sarama" */;
			buildPhases = (
				7ED61FE02B1FA9B6005ABEDC /* Sources */,
				7ED61FE12B1FA9B6005ABEDC /* Frameworks */,
				7ED61FE22B1FA9B6005ABEDC /* Resources */,
			);
			buildRules = (
			);
			dependencies = (
			);
			name = "whisper-sarama";
			packageProductDependencies = (
				7ED61FF82B1FADF1005ABEDC /* whisper */,
				7E8389962B1FB2F3000EB181 /* whisper */,
			);
			productName = "whisper-sarama";
			productReference = 7ED61FE42B1FA9B6005ABEDC /* whisper-sarama.app */;
			productType = "com.apple.product-type.application";
		};
/* End PBXNativeTarget section */

/* Begin PBXProject section */
		7ED61FDC2B1FA9B6005ABEDC /* Project object */ = {
			isa = PBXProject;
			attributes = {
				BuildIndependentTargetsInParallel = 1;
				LastSwiftUpdateCheck = 1500;
				LastUpgradeCheck = 1500;
				TargetAttributes = {
					7ED61FE32B1FA9B6005ABEDC = {
						CreatedOnToolsVersion = 15.0;
					};
				};
			};
			buildConfigurationList = 7ED61FDF2B1FA9B6005ABEDC /* Build configuration list for PBXProject "whisper-sarama" */;
			compatibilityVersion = "Xcode 14.0";
			developmentRegion = en;
			hasScannedForEncodings = 0;
			knownRegions = (
				en,
				Base,
			);
			mainGroup = 7ED61FDB2B1FA9B6005ABEDC;
			packageReferences = (
				7E8389952B1FB2F3000EB181 /* XCLocalSwiftPackageReference "whisper" */,
			);
			productRefGroup = 7ED61FE52B1FA9B6005ABEDC /* Products */;
			projectDirPath = "";
			projectRoot = "";
			targets = (
				7ED61FE32B1FA9B6005ABEDC /* whisper-sarama */,
			);
		};
/* End PBXProject section */

/* Begin PBXResourcesBuildPhase section */
		7ED61FE22B1FA9B6005ABEDC /* Resources */ = {
			isa = PBXResourcesBuildPhase;
			buildActionMask = 2147483647;
			files = (
				7E8389B02B1FBD9E000EB181 /* jfk.wav in Resources */,
				7ED61FEF2B1FA9B8005ABEDC /* Preview Assets.xcassets in Resources */,
				7E8389AC2B1FBD9E000EB181 /* ggml-base.en-encoder.mlmodelc in Resources */,
				7ED61FEC2B1FA9B8005ABEDC /* Assets.xcassets in Resources */,
				7E8389AF2B1FBD9E000EB181 /* .gitignore in Resources */,
				7E8389AB2B1FBD9E000EB181 /* ggml-base.en.bin in Resources */,
			);
			runOnlyForDeploymentPostprocessing = 0;
		};
/* End PBXResourcesBuildPhase section */

/* Begin PBXSourcesBuildPhase section */
		7ED61FE02B1FA9B6005ABEDC /* Sources */ = {
			isa = PBXSourcesBuildPhase;
			buildActionMask = 2147483647;
			files = (
				7E8389AD2B1FBD9E000EB181 /* coreml-encoder-base.en.mlpackage in Sources */,
				7E83899D2B1FBC47000EB181 /* Recorder.swift in Sources */,
				7E83899B2B1FBC36000EB181 /* WhisperState.swift in Sources */,
				7ED61FEA2B1FA9B6005ABEDC /* ContentView.swift in Sources */,
				7E8389992B1FBBDE000EB181 /* LibWhisper.swift in Sources */,
				7ED61FE82B1FA9B6005ABEDC /* whisper_saramaApp.swift in Sources */,
				7E83899F2B1FBC53000EB181 /* RiffWaveUtils.swift in Sources */,
			);
			runOnlyForDeploymentPostprocessing = 0;
		};
/* End PBXSourcesBuildPhase section */

/* Begin XCBuildConfiguration section */
		7ED61FF02B1FA9B8005ABEDC /* Debug */ = {
			isa = XCBuildConfiguration;
			buildSettings = {
				ALWAYS_SEARCH_USER_PATHS = NO;
				ASSETCATALOG_COMPILER_GENERATE_SWIFT_ASSET_SYMBOL_EXTENSIONS = YES;
				CLANG_ANALYZER_NONNULL = YES;
				CLANG_ANALYZER_NUMBER_OBJECT_CONVERSION = YES_AGGRESSIVE;
				CLANG_CXX_LANGUAGE_STANDARD = "gnu++20";
				CLANG_ENABLE_MODULES = YES;
				CLANG_ENABLE_OBJC_ARC = YES;
				CLANG_ENABLE_OBJC_WEAK = YES;
				CLANG_WARN_BLOCK_CAPTURE_AUTORELEASING = YES;
				CLANG_WARN_BOOL_CONVERSION = YES;
				CLANG_WARN_COMMA = YES;
				CLANG_WARN_CONSTANT_CONVERSION = YES;
				CLANG_WARN_DEPRECATED_OBJC_IMPLEMENTATIONS = YES;
				CLANG_WARN_DIRECT_OBJC_ISA_USAGE = YES_ERROR;
				CLANG_WARN_DOCUMENTATION_COMMENTS = YES;
				CLANG_WARN_EMPTY_BODY = YES;
				CLANG_WARN_ENUM_CONVERSION = YES;
				CLANG_WARN_INFINITE_RECURSION = YES;
				CLANG_WARN_INT_CONVERSION = YES;
				CLANG_WARN_NON_LITERAL_NULL_CONVERSION = YES;
				CLANG_WARN_OBJC_IMPLICIT_RETAIN_SELF = YES;
				CLANG_WARN_OBJC_LITERAL_CONVERSION = YES;
				CLANG_WARN_OBJC_ROOT_CLASS = YES_ERROR;
				CLANG_WARN_QUOTED_INCLUDE_IN_FRAMEWORK_HEADER = YES;
				CLANG_WARN_RANGE_LOOP_ANALYSIS = YES;
				CLANG_WARN_STRICT_PROTOTYPES = YES;
				CLANG_WARN_SUSPICIOUS_MOVE = YES;
				CLANG_WARN_UNGUARDED_AVAILABILITY = YES_AGGRESSIVE;
				CLANG_WARN_UNREACHABLE_CODE = YES;
				CLANG_WARN__DUPLICATE_METHOD_MATCH = YES;
				COPY_PHASE_STRIP = NO;
				DEBUG_INFORMATION_FORMAT = dwarf;
				ENABLE_STRICT_OBJC_MSGSEND = YES;
				ENABLE_TESTABILITY = YES;
				ENABLE_USER_SCRIPT_SANDBOXING = YES;
				GCC_C_LANGUAGE_STANDARD = gnu17;
				GCC_DYNAMIC_NO_PIC = NO;
				GCC_NO_COMMON_BLOCKS = YES;
				GCC_OPTIMIZATION_LEVEL = 0;
				GCC_PREPROCESSOR_DEFINITIONS = (
					"DEBUG=1",
					"$(inherited)",
				);
				GCC_WARN_64_TO_32_BIT_CONVERSION = YES;
				GCC_WARN_ABOUT_RETURN_TYPE = YES_ERROR;
				GCC_WARN_UNDECLARED_SELECTOR = YES;
				GCC_WARN_UNINITIALIZED_AUTOS = YES_AGGRESSIVE;
				GCC_WARN_UNUSED_FUNCTION = YES;
				GCC_WARN_UNUSED_VARIABLE = YES;
				IPHONEOS_DEPLOYMENT_TARGET = 17.0;
				LOCALIZATION_PREFERS_STRING_CATALOGS = YES;
				MTL_ENABLE_DEBUG_INFO = INCLUDE_SOURCE;
				MTL_FAST_MATH = YES;
				ONLY_ACTIVE_ARCH = YES;
				SDKROOT = iphoneos;
				SWIFT_ACTIVE_COMPILATION_CONDITIONS = "DEBUG $(inherited)";
				SWIFT_OPTIMIZATION_LEVEL = "-Onone";
			};
			name = Debug;
		};
		7ED61FF12B1FA9B8005ABEDC /* Release */ = {
			isa = XCBuildConfiguration;
			buildSettings = {
				ALWAYS_SEARCH_USER_PATHS = NO;
				ASSETCATALOG_COMPILER_GENERATE_SWIFT_ASSET_SYMBOL_EXTENSIONS = YES;
				CLANG_ANALYZER_NONNULL = YES;
				CLANG_ANALYZER_NUMBER_OBJECT_CONVERSION = YES_AGGRESSIVE;
				CLANG_CXX_LANGUAGE_STANDARD = "gnu++20";
				CLANG_ENABLE_MODULES = YES;
				CLANG_ENABLE_OBJC_ARC = YES;
				CLANG_ENABLE_OBJC_WEAK = YES;
				CLANG_WARN_BLOCK_CAPTURE_AUTORELEASING = YES;
				CLANG_WARN_BOOL_CONVERSION = YES;
				CLANG_WARN_COMMA = YES;
				CLANG_WARN_CONSTANT_CONVERSION = YES;
				CLANG_WARN_DEPRECATED_OBJC_IMPLEMENTATIONS = YES;
				CLANG_WARN_DIRECT_OBJC_ISA_USAGE = YES_ERROR;
				CLANG_WARN_DOCUMENTATION_COMMENTS = YES;
				CLANG_WARN_EMPTY_BODY = YES;
				CLANG_WARN_ENUM_CONVERSION = YES;
				CLANG_WARN_INFINITE_RECURSION = YES;
				CLANG_WARN_INT_CONVERSION = YES;
				CLANG_WARN_NON_LITERAL_NULL_CONVERSION = YES;
				CLANG_WARN_OBJC_IMPLICIT_RETAIN_SELF = YES;
				CLANG_WARN_OBJC_LITERAL_CONVERSION = YES;
				CLANG_WARN_OBJC_ROOT_CLASS = YES_ERROR;
				CLANG_WARN_QUOTED_INCLUDE_IN_FRAMEWORK_HEADER = YES;
				CLANG_WARN_RANGE_LOOP_ANALYSIS = YES;
				CLANG_WARN_STRICT_PROTOTYPES = YES;
				CLANG_WARN_SUSPICIOUS_MOVE = YES;
				CLANG_WARN_UNGUARDED_AVAILABILITY = YES_AGGRESSIVE;
				CLANG_WARN_UNREACHABLE_CODE = YES;
				CLANG_WARN__DUPLICATE_METHOD_MATCH = YES;
				COPY_PHASE_STRIP = NO;
				DEBUG_INFORMATION_FORMAT = "dwarf-with-dsym";
				ENABLE_NS_ASSERTIONS = NO;
				ENABLE_STRICT_OBJC_MSGSEND = YES;
				ENABLE_USER_SCRIPT_SANDBOXING = YES;
				GCC_C_LANGUAGE_STANDARD = gnu17;
				GCC_NO_COMMON_BLOCKS = YES;
				GCC_WARN_64_TO_32_BIT_CONVERSION = YES;
				GCC_WARN_ABOUT_RETURN_TYPE = YES_ERROR;
				GCC_WARN_UNDECLARED_SELECTOR = YES;
				GCC_WARN_UNINITIALIZED_AUTOS = YES_AGGRESSIVE;
				GCC_WARN_UNUSED_FUNCTION = YES;
				GCC_WARN_UNUSED_VARIABLE = YES;
				IPHONEOS_DEPLOYMENT_TARGET = 17.0;
				LOCALIZATION_PREFERS_STRING_CATALOGS = YES;
				MTL_ENABLE_DEBUG_INFO = NO;
				MTL_FAST_MATH = YES;
				SDKROOT = iphoneos;
				SWIFT_COMPILATION_MODE = wholemodule;
				VALIDATE_PRODUCT = YES;
			};
			name = Release;
		};
		7ED61FF32B1FA9B8005ABEDC /* Debug */ = {
			isa = XCBuildConfiguration;
			buildSettings = {
				ASSETCATALOG_COMPILER_APPICON_NAME = AppIcon;
				ASSETCATALOG_COMPILER_GLOBAL_ACCENT_COLOR_NAME = AccentColor;
				CODE_SIGN_STYLE = Automatic;
				CURRENT_PROJECT_VERSION = 1;
				DEVELOPMENT_ASSET_PATHS = "\"whisper-sarama/Preview Content\"";
				DEVELOPMENT_TEAM = 62F2ZV8GBX;
				ENABLE_PREVIEWS = YES;
				GENERATE_INFOPLIST_FILE = YES;
				INFOPLIST_KEY_NSMicrophoneUsageDescription = "Enable microphone usage to allow the app to record your voice";
				INFOPLIST_KEY_UIApplicationSceneManifest_Generation = YES;
				INFOPLIST_KEY_UIApplicationSupportsIndirectInputEvents = YES;
				INFOPLIST_KEY_UILaunchScreen_Generation = YES;
				INFOPLIST_KEY_UISupportedInterfaceOrientations_iPad = "UIInterfaceOrientationPortrait UIInterfaceOrientationPortraitUpsideDown UIInterfaceOrientationLandscapeLeft UIInterfaceOrientationLandscapeRight";
				INFOPLIST_KEY_UISupportedInterfaceOrientations_iPhone = "UIInterfaceOrientationPortrait UIInterfaceOrientationLandscapeLeft UIInterfaceOrientationLandscapeRight";
				IPHONEOS_DEPLOYMENT_TARGET = 16.0;
				LD_RUNPATH_SEARCH_PATHS = (
					"$(inherited)",
					"@executable_path/Frameworks",
				);
				MARKETING_VERSION = 1.0;
				PRODUCT_BUNDLE_IDENTIFIER = "sarama.whisper-sarama";
				PRODUCT_NAME = "$(TARGET_NAME)";
				SWIFT_EMIT_LOC_STRINGS = YES;
				SWIFT_VERSION = 5.0;
				TARGETED_DEVICE_FAMILY = "1,2";
			};
			name = Debug;
		};
		7ED61FF42B1FA9B8005ABEDC /* Release */ = {
			isa = XCBuildConfiguration;
			buildSettings = {
				ASSETCATALOG_COMPILER_APPICON_NAME = AppIcon;
				ASSETCATALOG_COMPILER_GLOBAL_ACCENT_COLOR_NAME = AccentColor;
				CODE_SIGN_STYLE = Automatic;
				CURRENT_PROJECT_VERSION = 1;
				DEVELOPMENT_ASSET_PATHS = "\"whisper-sarama/Preview Content\"";
				DEVELOPMENT_TEAM = 62F2ZV8GBX;
				ENABLE_PREVIEWS = YES;
				GENERATE_INFOPLIST_FILE = YES;
				INFOPLIST_KEY_NSMicrophoneUsageDescription = "Enable microphone usage to allow the app to record your voice";
				INFOPLIST_KEY_UIApplicationSceneManifest_Generation = YES;
				INFOPLIST_KEY_UIApplicationSupportsIndirectInputEvents = YES;
				INFOPLIST_KEY_UILaunchScreen_Generation = YES;
				INFOPLIST_KEY_UISupportedInterfaceOrientations_iPad = "UIInterfaceOrientationPortrait UIInterfaceOrientationPortraitUpsideDown UIInterfaceOrientationLandscapeLeft UIInterfaceOrientationLandscapeRight";
				INFOPLIST_KEY_UISupportedInterfaceOrientations_iPhone = "UIInterfaceOrientationPortrait UIInterfaceOrientationLandscapeLeft UIInterfaceOrientationLandscapeRight";
				IPHONEOS_DEPLOYMENT_TARGET = 16.0;
				LD_RUNPATH_SEARCH_PATHS = (
					"$(inherited)",
					"@executable_path/Frameworks",
				);
				MARKETING_VERSION = 1.0;
				PRODUCT_BUNDLE_IDENTIFIER = "sarama.whisper-sarama";
				PRODUCT_NAME = "$(TARGET_NAME)";
				SWIFT_EMIT_LOC_STRINGS = YES;
				SWIFT_VERSION = 5.0;
				TARGETED_DEVICE_FAMILY = "1,2";
			};
			name = Release;
		};
/* End XCBuildConfiguration section */

/* Begin XCConfigurationList section */
		7ED61FDF2B1FA9B6005ABEDC /* Build configuration list for PBXProject "whisper-sarama" */ = {
			isa = XCConfigurationList;
			buildConfigurations = (
				7ED61FF02B1FA9B8005ABEDC /* Debug */,
				7ED61FF12B1FA9B8005ABEDC /* Release */,
			);
			defaultConfigurationIsVisible = 0;
			defaultConfigurationName = Release;
		};
		7ED61FF22B1FA9B8005ABEDC /* Build configuration list for PBXNativeTarget "whisper-sarama" */ = {
			isa = XCConfigurationList;
			buildConfigurations = (
				7ED61FF32B1FA9B8005ABEDC /* Debug */,
				7ED61FF42B1FA9B8005ABEDC /* Release */,
			);
			defaultConfigurationIsVisible = 0;
			defaultConfigurationName = Release;
		};
/* End XCConfigurationList section */

/* Begin XCLocalSwiftPackageReference section */
		7E8389952B1FB2F3000EB181 /* XCLocalSwiftPackageReference "whisper" */ = {
			isa = XCLocalSwiftPackageReference;
			relativePath = whisper;
		};
/* End XCLocalSwiftPackageReference section */

/* Begin XCSwiftPackageProductDependency section */
		7E8389962B1FB2F3000EB181 /* whisper */ = {
			isa = XCSwiftPackageProductDependency;
			productName = whisper;
		};
		7ED61FF82B1FADF1005ABEDC /* whisper */ = {
			isa = XCSwiftPackageProductDependency;
			productName = whisper;
		};
/* End XCSwiftPackageProductDependency section */
	};
	rootObject = 7ED61FDC2B1FA9B6005ABEDC /* Project object */;
}
